
Microsoft Visual Studio Solution File, Format Version 12.00
# Visual Studio Version 17
VisualStudioVersion = 17.6.33829.357
MinimumVisualStudioVersion = 10.0.40219.1
Project("{FAE04EC0-301F-11D3-BF4B-00C04F79EFBC}") = "10_Questions", "10_Questions.csproj", "{EDC4187C-6C9E-4AE2-B936-99EF8957DB29}"
EndProject
Global
	GlobalSection(SolutionConfigurationPlatforms) = preSolution
		Debug|Any CPU = Debug|Any CPU
		Release|Any CPU = Release|Any CPU
	EndGlobalSection
	GlobalSection(ProjectConfigurationPlatforms) = postSolution
		{EDC4187C-6C9E-4AE2-B936-99EF8957DB29}.Debug|Any CPU.ActiveCfg = Debug|Any CPU
		{EDC4187C-6C9E-4AE2-B936-99EF8957DB29}.Debug|Any CPU.Build.0 = Debug|Any CPU
		{EDC4187C-6C9E-4AE2-B936-99EF8957DB29}.Release|Any CPU.ActiveCfg = Release|Any CPU
		{EDC4187C-6C9E-4AE2-B936-99EF8957DB29}.Release|Any CPU.Build.0 = Release|Any CPU
	EndGlobalSection
	GlobalSection(SolutionProperties) = preSolution
		HideSolutionNode = FALSE
	EndGlobalSection
	GlobalSection(ExtensibilityGlobals) = postSolution
		SolutionGuid = {C6AB0AEC-7BF1-4E1E-A34C-ABEDFF41846A}
	EndGlobalSection
EndGlobal
